
Microsoft Visual Studio Solution File, Format Version 12.00
# Visual Studio Version 17
VisualStudioVersion = 17.14.36301.6 d17.14
MinimumVisualStudioVersion = 10.0.40219.1
Project("{FAE04EC0-301F-11D3-BF4B-00C04F79EFBC}") = "C# Day06 Task", "C# Day06 Task\C# Day06 Task.csproj", "{690D2C4D-E927-43D7-975D-8F3977252943}"
EndProject
Global
	GlobalSection(SolutionConfigurationPlatforms) = preSolution
		Debug|Any CPU = Debug|Any CPU
		Release|Any CPU = Release|Any CPU
	EndGlobalSection
	GlobalSection(ProjectConfigurationPlatforms) = postSolution
		{690D2C4D-E927-43D7-975D-8F3977252943}.Debug|Any CPU.ActiveCfg = Debug|Any CPU
		{690D2C4D-E927-43D7-975D-8F3977252943}.Debug|Any CPU.Build.0 = Debug|Any CPU
		{690D2C4D-E927-43D7-975D-8F3977252943}.Release|Any CPU.ActiveCfg = Release|Any CPU
		{690D2C4D-E927-43D7-975D-8F3977252943}.Release|Any CPU.Build.0 = Release|Any CPU
	EndGlobalSection
	GlobalSection(SolutionProperties) = preSolution
		HideSolutionNode = FALSE
	EndGlobalSection
	GlobalSection(ExtensibilityGlobals) = postSolution
		SolutionGuid = {10117F97-9659-4734-9360-42140C3A7029}
	EndGlobalSection
EndGlobal
